// !$*UTF8*$!
{
	archiveVersion = 1;
	classes = {
	};
	objectVersion = 56;
	objects = {

/* Begin PBXBuildFile section */
		4571E2EB2B1838330092250A /* FlashMathApp.swift in Sources */ = {isa = PBXBuildFile; fileRef = 4571E2EA2B1838330092250A /* FlashMathApp.swift */; };
		4571E2ED2B1838330092250A /* ContentView.swift in Sources */ = {isa = PBXBuildFile; fileRef = 4571E2EC2B1838330092250A /* ContentView.swift */; };
		4571E2EF2B1838340092250A /* Assets.xcassets in Resources */ = {isa = PBXBuildFile; fileRef = 4571E2EE2B1838340092250A /* Assets.xcassets */; };
		4571E2F22B1838340092250A /* Preview Assets.xcassets in Resources */ = {isa = PBXBuildFile; fileRef = 4571E2F12B1838340092250A /* Preview Assets.xcassets */; };
		4571E2F92B183B0E0092250A /* HowManyMultiplesQuestion.swift in Sources */ = {isa = PBXBuildFile; fileRef = 4571E2F82B183B0E0092250A /* HowManyMultiplesQuestion.swift */; };
		45914B232B192662004ED7B6 /* QuestionView.swift in Sources */ = {isa = PBXBuildFile; fileRef = 45914B222B192662004ED7B6 /* QuestionView.swift */; };
		45914B252B19298D004ED7B6 /* ViewModel.swift in Sources */ = {isa = PBXBuildFile; fileRef = 45914B242B19298D004ED7B6 /* ViewModel.swift */; };
		45914B272B1A6BEE004ED7B6 /* PlayingView.swift in Sources */ = {isa = PBXBuildFile; fileRef = 45914B262B1A6BEE004ED7B6 /* PlayingView.swift */; };
		45914B292B1A6DED004ED7B6 /* Styles.swift in Sources */ = {isa = PBXBuildFile; fileRef = 45914B282B1A6DED004ED7B6 /* Styles.swift */; };
		45914B2B2B1ACE52004ED7B6 /* MenuView.swift in Sources */ = {isa = PBXBuildFile; fileRef = 45914B2A2B1ACE52004ED7B6 /* MenuView.swift */; };
		45914B2D2B1AD67E004ED7B6 /* GameOverView.swift in Sources */ = {isa = PBXBuildFile; fileRef = 45914B2C2B1AD67E004ED7B6 /* GameOverView.swift */; };
		45914B2F2B1BE6E6004ED7B6 /* MultipleQuestion.swift in Sources */ = {isa = PBXBuildFile; fileRef = 45914B2E2B1BE6E6004ED7B6 /* MultipleQuestion.swift */; };
		45914B312B1BE843004ED7B6 /* Question.swift in Sources */ = {isa = PBXBuildFile; fileRef = 45914B302B1BE843004ED7B6 /* Question.swift */; };
		45914B332B1BEA34004ED7B6 /* HighestLowestQuestion.swift in Sources */ = {isa = PBXBuildFile; fileRef = 45914B322B1BEA34004ED7B6 /* HighestLowestQuestion.swift */; };
		45914B352B1BEEDB004ED7B6 /* OperationQuestion.swift in Sources */ = {isa = PBXBuildFile; fileRef = 45914B342B1BEEDB004ED7B6 /* OperationQuestion.swift */; };
/* End PBXBuildFile section */

/* Begin PBXFileReference section */
		4571E2E72B1838330092250A /* FlashMath.app */ = {isa = PBXFileReference; explicitFileType = wrapper.application; includeInIndex = 0; path = FlashMath.app; sourceTree = BUILT_PRODUCTS_DIR; };
		4571E2EA2B1838330092250A /* FlashMathApp.swift */ = {isa = PBXFileReference; lastKnownFileType = sourcecode.swift; path = FlashMathApp.swift; sourceTree = "<group>"; };
		4571E2EC2B1838330092250A /* ContentView.swift */ = {isa = PBXFileReference; lastKnownFileType = sourcecode.swift; path = ContentView.swift; sourceTree = "<group>"; };
		4571E2EE2B1838340092250A /* Assets.xcassets */ = {isa = PBXFileReference; lastKnownFileType = folder.assetcatalog; path = Assets.xcassets; sourceTree = "<group>"; };
		4571E2F12B1838340092250A /* Preview Assets.xcassets */ = {isa = PBXFileReference; lastKnownFileType = folder.assetcatalog; path = "Preview Assets.xcassets"; sourceTree = "<group>"; };
		4571E2F82B183B0E0092250A /* HowManyMultiplesQuestion.swift */ = {isa = PBXFileReference; lastKnownFileType = sourcecode.swift; path = HowManyMultiplesQuestion.swift; sourceTree = "<group>"; };
		45914B222B192662004ED7B6 /* QuestionView.swift */ = {isa = PBXFileReference; lastKnownFileType = sourcecode.swift; path = QuestionView.swift; sourceTree = "<group>"; };
		45914B242B19298D004ED7B6 /* ViewModel.swift */ = {isa = PBXFileReference; lastKnownFileType = sourcecode.swift; path = ViewModel.swift; sourceTree = "<group>"; };
		45914B262B1A6BEE004ED7B6 /* PlayingView.swift */ = {isa = PBXFileReference; lastKnownFileType = sourcecode.swift; path = PlayingView.swift; sourceTree = "<group>"; };
		45914B282B1A6DED004ED7B6 /* Styles.swift */ = {isa = PBXFileReference; lastKnownFileType = sourcecode.swift; path = Styles.swift; sourceTree = "<group>"; };
		45914B2A2B1ACE52004ED7B6 /* MenuView.swift */ = {isa = PBXFileReference; lastKnownFileType = sourcecode.swift; path = MenuView.swift; sourceTree = "<group>"; };
		45914B2C2B1AD67E004ED7B6 /* GameOverView.swift */ = {isa = PBXFileReference; lastKnownFileType = sourcecode.swift; path = GameOverView.swift; sourceTree = "<group>"; };
		45914B2E2B1BE6E6004ED7B6 /* MultipleQuestion.swift */ = {isa = PBXFileReference; lastKnownFileType = sourcecode.swift; path = MultipleQuestion.swift; sourceTree = "<group>"; };
		45914B302B1BE843004ED7B6 /* Question.swift */ = {isa = PBXFileReference; lastKnownFileType = sourcecode.swift; path = Question.swift; sourceTree = "<group>"; };
		45914B322B1BEA34004ED7B6 /* HighestLowestQuestion.swift */ = {isa = PBXFileReference; lastKnownFileType = sourcecode.swift; path = HighestLowestQuestion.swift; sourceTree = "<group>"; };
		45914B342B1BEEDB004ED7B6 /* OperationQuestion.swift */ = {isa = PBXFileReference; lastKnownFileType = sourcecode.swift; path = OperationQuestion.swift; sourceTree = "<group>"; };
/* End PBXFileReference section */

/* Begin PBXFrameworksBuildPhase section */
		4571E2E42B1838330092250A /* Frameworks */ = {
			isa = PBXFrameworksBuildPhase;
			buildActionMask = 2147483647;
			files = (
			);
			runOnlyForDeploymentPostprocessing = 0;
		};
/* End PBXFrameworksBuildPhase section */

/* Begin PBXGroup section */
		4571E2DE2B1838330092250A = {
			isa = PBXGroup;
			children = (
				4571E2E92B1838330092250A /* FlashMath */,
				4571E2E82B1838330092250A /* Products */,
			);
			sourceTree = "<group>";
		};
		4571E2E82B1838330092250A /* Products */ = {
			isa = PBXGroup;
			children = (
				4571E2E72B1838330092250A /* FlashMath.app */,
			);
			name = Products;
			sourceTree = "<group>";
		};
		4571E2E92B1838330092250A /* FlashMath */ = {
			isa = PBXGroup;
			children = (
				4571E2EA2B1838330092250A /* FlashMathApp.swift */,
				4571E2EC2B1838330092250A /* ContentView.swift */,
				4571E2F82B183B0E0092250A /* HowManyMultiplesQuestion.swift */,
				45914B222B192662004ED7B6 /* QuestionView.swift */,
				45914B2A2B1ACE52004ED7B6 /* MenuView.swift */,
				45914B2E2B1BE6E6004ED7B6 /* MultipleQuestion.swift */,
				45914B302B1BE843004ED7B6 /* Question.swift */,
				45914B2C2B1AD67E004ED7B6 /* GameOverView.swift */,
				45914B282B1A6DED004ED7B6 /* Styles.swift */,
				45914B242B19298D004ED7B6 /* ViewModel.swift */,
				45914B322B1BEA34004ED7B6 /* HighestLowestQuestion.swift */,
				45914B342B1BEEDB004ED7B6 /* OperationQuestion.swift */,
				45914B262B1A6BEE004ED7B6 /* PlayingView.swift */,
				4571E2EE2B1838340092250A /* Assets.xcassets */,
				4571E2F02B1838340092250A /* Preview Content */,
			);
			path = FlashMath;
			sourceTree = "<group>";
		};
		4571E2F02B1838340092250A /* Preview Content */ = {
			isa = PBXGroup;
			children = (
				4571E2F12B1838340092250A /* Preview Assets.xcassets */,
			);
			path = "Preview Content";
			sourceTree = "<group>";
		};
/* End PBXGroup section */

/* Begin PBXNativeTarget section */
		4571E2E62B1838330092250A /* FlashMath */ = {
			isa = PBXNativeTarget;
			buildConfigurationList = 4571E2F52B1838340092250A /* Build configuration list for PBXNativeTarget "FlashMath" */;
			buildPhases = (
				4571E2E32B1838330092250A /* Sources */,
				4571E2E42B1838330092250A /* Frameworks */,
				4571E2E52B1838330092250A /* Resources */,
			);
			buildRules = (
			);
			dependencies = (
			);
			name = FlashMath;
			productName = FlashMath;
			productReference = 4571E2E72B1838330092250A /* FlashMath.app */;
			productType = "com.apple.product-type.application";
		};
/* End PBXNativeTarget section */

/* Begin PBXProject section */
		4571E2DF2B1838330092250A /* Project object */ = {
			isa = PBXProject;
			attributes = {
				BuildIndependentTargetsInParallel = 1;
				LastSwiftUpdateCheck = 1500;
				LastUpgradeCheck = 1500;
				TargetAttributes = {
					4571E2E62B1838330092250A = {
						CreatedOnToolsVersion = 15.0.1;
					};
				};
			};
			buildConfigurationList = 4571E2E22B1838330092250A /* Build configuration list for PBXProject "FlashMath" */;
			compatibilityVersion = "Xcode 14.0";
			developmentRegion = en;
			hasScannedForEncodings = 0;
			knownRegions = (
				en,
				Base,
			);
			mainGroup = 4571E2DE2B1838330092250A;
			productRefGroup = 4571E2E82B1838330092250A /* Products */;
			projectDirPath = "";
			projectRoot = "";
			targets = (
				4571E2E62B1838330092250A /* FlashMath */,
			);
		};
/* End PBXProject section */

/* Begin PBXResourcesBuildPhase section */
		4571E2E52B1838330092250A /* Resources */ = {
			isa = PBXResourcesBuildPhase;
			buildActionMask = 2147483647;
			files = (
				4571E2F22B1838340092250A /* Preview Assets.xcassets in Resources */,
				4571E2EF2B1838340092250A /* Assets.xcassets in Resources */,
			);
			runOnlyForDeploymentPostprocessing = 0;
		};
/* End PBXResourcesBuildPhase section */

/* Begin PBXSourcesBuildPhase section */
		4571E2E32B1838330092250A /* Sources */ = {
			isa = PBXSourcesBuildPhase;
			buildActionMask = 2147483647;
			files = (
				45914B252B19298D004ED7B6 /* ViewModel.swift in Sources */,
				45914B2B2B1ACE52004ED7B6 /* MenuView.swift in Sources */,
				45914B292B1A6DED004ED7B6 /* Styles.swift in Sources */,
				45914B232B192662004ED7B6 /* QuestionView.swift in Sources */,
				4571E2ED2B1838330092250A /* ContentView.swift in Sources */,
				45914B272B1A6BEE004ED7B6 /* PlayingView.swift in Sources */,
				4571E2F92B183B0E0092250A /* HowManyMultiplesQuestion.swift in Sources */,
				45914B2F2B1BE6E6004ED7B6 /* MultipleQuestion.swift in Sources */,
				45914B332B1BEA34004ED7B6 /* HighestLowestQuestion.swift in Sources */,
				45914B2D2B1AD67E004ED7B6 /* GameOverView.swift in Sources */,
				45914B352B1BEEDB004ED7B6 /* OperationQuestion.swift in Sources */,
				45914B312B1BE843004ED7B6 /* Question.swift in Sources */,
				4571E2EB2B1838330092250A /* FlashMathApp.swift in Sources */,
			);
			runOnlyForDeploymentPostprocessing = 0;
		};
/* End PBXSourcesBuildPhase section */

/* Begin XCBuildConfiguration section */
		4571E2F32B1838340092250A /* Debug */ = {
			isa = XCBuildConfiguration;
			buildSettings = {
				ALWAYS_SEARCH_USER_PATHS = NO;
				ASSETCATALOG_COMPILER_GENERATE_SWIFT_ASSET_SYMBOL_EXTENSIONS = YES;
				CLANG_ANALYZER_NONNULL = YES;
				CLANG_ANALYZER_NUMBER_OBJECT_CONVERSION = YES_AGGRESSIVE;
				CLANG_CXX_LANGUAGE_STANDARD = "gnu++20";
				CLANG_ENABLE_MODULES = YES;
				CLANG_ENABLE_OBJC_ARC = YES;
				CLANG_ENABLE_OBJC_WEAK = YES;
				CLANG_WARN_BLOCK_CAPTURE_AUTORELEASING = YES;
				CLANG_WARN_BOOL_CONVERSION = YES;
				CLANG_WARN_COMMA = YES;
				CLANG_WARN_CONSTANT_CONVERSION = YES;
				CLANG_WARN_DEPRECATED_OBJC_IMPLEMENTATIONS = YES;
				CLANG_WARN_DIRECT_OBJC_ISA_USAGE = YES_ERROR;
				CLANG_WARN_DOCUMENTATION_COMMENTS = YES;
				CLANG_WARN_EMPTY_BODY = YES;
				CLANG_WARN_ENUM_CONVERSION = YES;
				CLANG_WARN_INFINITE_RECURSION = YES;
				CLANG_WARN_INT_CONVERSION = YES;
				CLANG_WARN_NON_LITERAL_NULL_CONVERSION = YES;
				CLANG_WARN_OBJC_IMPLICIT_RETAIN_SELF = YES;
				CLANG_WARN_OBJC_LITERAL_CONVERSION = YES;
				CLANG_WARN_OBJC_ROOT_CLASS = YES_ERROR;
				CLANG_WARN_QUOTED_INCLUDE_IN_FRAMEWORK_HEADER = YES;
				CLANG_WARN_RANGE_LOOP_ANALYSIS = YES;
				CLANG_WARN_STRICT_PROTOTYPES = YES;
				CLANG_WARN_SUSPICIOUS_MOVE = YES;
				CLANG_WARN_UNGUARDED_AVAILABILITY = YES_AGGRESSIVE;
				CLANG_WARN_UNREACHABLE_CODE = YES;
				CLANG_WARN__DUPLICATE_METHOD_MATCH = YES;
				COPY_PHASE_STRIP = NO;
				DEBUG_INFORMATION_FORMAT = dwarf;
				ENABLE_STRICT_OBJC_MSGSEND = YES;
				ENABLE_TESTABILITY = YES;
				ENABLE_USER_SCRIPT_SANDBOXING = YES;
				GCC_C_LANGUAGE_STANDARD = gnu17;
				GCC_DYNAMIC_NO_PIC = NO;
				GCC_NO_COMMON_BLOCKS = YES;
				GCC_OPTIMIZATION_LEVEL = 0;
				GCC_PREPROCESSOR_DEFINITIONS = (
					"DEBUG=1",
					"$(inherited)",
				);
				GCC_WARN_64_TO_32_BIT_CONVERSION = YES;
				GCC_WARN_ABOUT_RETURN_TYPE = YES_ERROR;
				GCC_WARN_UNDECLARED_SELECTOR = YES;
				GCC_WARN_UNINITIALIZED_AUTOS = YES_AGGRESSIVE;
				GCC_WARN_UNUSED_FUNCTION = YES;
				GCC_WARN_UNUSED_VARIABLE = YES;
				IPHONEOS_DEPLOYMENT_TARGET = 17.0;
				LOCALIZATION_PREFERS_STRING_CATALOGS = YES;
				MTL_ENABLE_DEBUG_INFO = INCLUDE_SOURCE;
				MTL_FAST_MATH = YES;
				ONLY_ACTIVE_ARCH = YES;
				SDKROOT = iphoneos;
				SWIFT_ACTIVE_COMPILATION_CONDITIONS = "DEBUG $(inherited)";
				SWIFT_OPTIMIZATION_LEVEL = "-Onone";
			};
			name = Debug;
		};
		4571E2F42B1838340092250A /* Release */ = {
			isa = XCBuildConfiguration;
			buildSettings = {
				ALWAYS_SEARCH_USER_PATHS = NO;
				ASSETCATALOG_COMPILER_GENERATE_SWIFT_ASSET_SYMBOL_EXTENSIONS = YES;
				CLANG_ANALYZER_NONNULL = YES;
				CLANG_ANALYZER_NUMBER_OBJECT_CONVERSION = YES_AGGRESSIVE;
				CLANG_CXX_LANGUAGE_STANDARD = "gnu++20";
				CLANG_ENABLE_MODULES = YES;
				CLANG_ENABLE_OBJC_ARC = YES;
				CLANG_ENABLE_OBJC_WEAK = YES;
				CLANG_WARN_BLOCK_CAPTURE_AUTORELEASING = YES;
				CLANG_WARN_BOOL_CONVERSION = YES;
				CLANG_WARN_COMMA = YES;
				CLANG_WARN_CONSTANT_CONVERSION = YES;
				CLANG_WARN_DEPRECATED_OBJC_IMPLEMENTATIONS = YES;
				CLANG_WARN_DIRECT_OBJC_ISA_USAGE = YES_ERROR;
				CLANG_WARN_DOCUMENTATION_COMMENTS = YES;
				CLANG_WARN_EMPTY_BODY = YES;
				CLANG_WARN_ENUM_CONVERSION = YES;
				CLANG_WARN_INFINITE_RECURSION = YES;
				CLANG_WARN_INT_CONVERSION = YES;
				CLANG_WARN_NON_LITERAL_NULL_CONVERSION = YES;
				CLANG_WARN_OBJC_IMPLICIT_RETAIN_SELF = YES;
				CLANG_WARN_OBJC_LITERAL_CONVERSION = YES;
				CLANG_WARN_OBJC_ROOT_CLASS = YES_ERROR;
				CLANG_WARN_QUOTED_INCLUDE_IN_FRAMEWORK_HEADER = YES;
				CLANG_WARN_RANGE_LOOP_ANALYSIS = YES;
				CLANG_WARN_STRICT_PROTOTYPES = YES;
				CLANG_WARN_SUSPICIOUS_MOVE = YES;
				CLANG_WARN_UNGUARDED_AVAILABILITY = YES_AGGRESSIVE;
				CLANG_WARN_UNREACHABLE_CODE = YES;
				CLANG_WARN__DUPLICATE_METHOD_MATCH = YES;
				COPY_PHASE_STRIP = NO;
				DEBUG_INFORMATION_FORMAT = "dwarf-with-dsym";
				ENABLE_NS_ASSERTIONS = NO;
				ENABLE_STRICT_OBJC_MSGSEND = YES;
				ENABLE_USER_SCRIPT_SANDBOXING = YES;
				GCC_C_LANGUAGE_STANDARD = gnu17;
				GCC_NO_COMMON_BLOCKS = YES;
				GCC_WARN_64_TO_32_BIT_CONVERSION = YES;
				GCC_WARN_ABOUT_RETURN_TYPE = YES_ERROR;
				GCC_WARN_UNDECLARED_SELECTOR = YES;
				GCC_WARN_UNINITIALIZED_AUTOS = YES_AGGRESSIVE;
				GCC_WARN_UNUSED_FUNCTION = YES;
				GCC_WARN_UNUSED_VARIABLE = YES;
				IPHONEOS_DEPLOYMENT_TARGET = 17.0;
				LOCALIZATION_PREFERS_STRING_CATALOGS = YES;
				MTL_ENABLE_DEBUG_INFO = NO;
				MTL_FAST_MATH = YES;
				SDKROOT = iphoneos;
				SWIFT_COMPILATION_MODE = wholemodule;
				VALIDATE_PRODUCT = YES;
			};
			name = Release;
		};
		4571E2F62B1838340092250A /* Debug */ = {
			isa = XCBuildConfiguration;
			buildSettings = {
				ASSETCATALOG_COMPILER_APPICON_NAME = AppIcon;
				ASSETCATALOG_COMPILER_GLOBAL_ACCENT_COLOR_NAME = AccentColor;
				CODE_SIGN_STYLE = Automatic;
				CURRENT_PROJECT_VERSION = 1;
				DEVELOPMENT_ASSET_PATHS = "\"FlashMath/Preview Content\"";
				DEVELOPMENT_TEAM = 934ZDCDQ72;
				ENABLE_PREVIEWS = YES;
				GENERATE_INFOPLIST_FILE = YES;
				INFOPLIST_KEY_UIApplicationSceneManifest_Generation = YES;
				INFOPLIST_KEY_UIApplicationSupportsIndirectInputEvents = YES;
				INFOPLIST_KEY_UILaunchScreen_Generation = YES;
				INFOPLIST_KEY_UISupportedInterfaceOrientations_iPad = "UIInterfaceOrientationPortrait UIInterfaceOrientationPortraitUpsideDown UIInterfaceOrientationLandscapeLeft UIInterfaceOrientationLandscapeRight";
				INFOPLIST_KEY_UISupportedInterfaceOrientations_iPhone = "UIInterfaceOrientationPortrait UIInterfaceOrientationLandscapeLeft UIInterfaceOrientationLandscapeRight";
				LD_RUNPATH_SEARCH_PATHS = (
					"$(inherited)",
					"@executable_path/Frameworks",
				);
				MARKETING_VERSION = 1.0;
				PRODUCT_BUNDLE_IDENTIFIER = me.Martinez.Robert.FlashMath;
				PRODUCT_NAME = "$(TARGET_NAME)";
				SWIFT_EMIT_LOC_STRINGS = YES;
				SWIFT_VERSION = 5.0;
				TARGETED_DEVICE_FAMILY = "1,2";
			};
			name = Debug;
		};
		4571E2F72B1838340092250A /* Release */ = {
			isa = XCBuildConfiguration;
			buildSettings = {
				ASSETCATALOG_COMPILER_APPICON_NAME = AppIcon;
				ASSETCATALOG_COMPILER_GLOBAL_ACCENT_COLOR_NAME = AccentColor;
				CODE_SIGN_STYLE = Automatic;
				CURRENT_PROJECT_VERSION = 1;
				DEVELOPMENT_ASSET_PATHS = "\"FlashMath/Preview Content\"";
				DEVELOPMENT_TEAM = 934ZDCDQ72;
				ENABLE_PREVIEWS = YES;
				GENERATE_INFOPLIST_FILE = YES;
				INFOPLIST_KEY_UIApplicationSceneManifest_Generation = YES;
				INFOPLIST_KEY_UIApplicationSupportsIndirectInputEvents = YES;
				INFOPLIST_KEY_UILaunchScreen_Generation = YES;
				INFOPLIST_KEY_UISupportedInterfaceOrientations_iPad = "UIInterfaceOrientationPortrait UIInterfaceOrientationPortraitUpsideDown UIInterfaceOrientationLandscapeLeft UIInterfaceOrientationLandscapeRight";
				INFOPLIST_KEY_UISupportedInterfaceOrientations_iPhone = "UIInterfaceOrientationPortrait UIInterfaceOrientationLandscapeLeft UIInterfaceOrientationLandscapeRight";
				LD_RUNPATH_SEARCH_PATHS = (
					"$(inherited)",
					"@executable_path/Frameworks",
				);
				MARKETING_VERSION = 1.0;
				PRODUCT_BUNDLE_IDENTIFIER = me.Martinez.Robert.FlashMath;
				PRODUCT_NAME = "$(TARGET_NAME)";
				SWIFT_EMIT_LOC_STRINGS = YES;
				SWIFT_VERSION = 5.0;
				TARGETED_DEVICE_FAMILY = "1,2";
			};
			name = Release;
		};
/* End XCBuildConfiguration section */

/* Begin XCConfigurationList section */
		4571E2E22B1838330092250A /* Build configuration list for PBXProject "FlashMath" */ = {
			isa = XCConfigurationList;
			buildConfigurations = (
				4571E2F32B1838340092250A /* Debug */,
				4571E2F42B1838340092250A /* Release */,
			);
			defaultConfigurationIsVisible = 0;
			defaultConfigurationName = Release;
		};
		4571E2F52B1838340092250A /* Build configuration list for PBXNativeTarget "FlashMath" */ = {
			isa = XCConfigurationList;
			buildConfigurations = (
				4571E2F62B1838340092250A /* Debug */,
				4571E2F72B1838340092250A /* Release */,
			);
			defaultConfigurationIsVisible = 0;
			defaultConfigurationName = Release;
		};
/* End XCConfigurationList section */
	};
	rootObject = 4571E2DF2B1838330092250A /* Project object */;
}
